// !$*UTF8*$!
{
	archiveVersion = 1;
	classes = {
	};
	objectVersion = 46;
	objects = {

/* Begin PBXBuildFile section */
		C4D29E261AA26E7800F683E4 /* AppDelegate.swift in Sources */ = {isa = PBXBuildFile; fileRef = C4D29E251AA26E7800F683E4 /* AppDelegate.swift */; };
		C4D29E281AA26E7800F683E4 /* ViewController.swift in Sources */ = {isa = PBXBuildFile; fileRef = C4D29E271AA26E7800F683E4 /* ViewController.swift */; };
		C4D29E2B1AA26E7800F683E4 /* Main.storyboard in Resources */ = {isa = PBXBuildFile; fileRef = C4D29E291AA26E7800F683E4 /* Main.storyboard */; };
		C4D29E2D1AA26E7800F683E4 /* Images.xcassets in Resources */ = {isa = PBXBuildFile; fileRef = C4D29E2C1AA26E7800F683E4 /* Images.xcassets */; };
		C4D29E301AA26E7800F683E4 /* LaunchScreen.xib in Resources */ = {isa = PBXBuildFile; fileRef = C4D29E2E1AA26E7800F683E4 /* LaunchScreen.xib */; };
		C4D29E3C1AA26E7800F683E4 /* ParserTests.swift in Sources */ = {isa = PBXBuildFile; fileRef = C4D29E3B1AA26E7800F683E4 /* ParserTests.swift */; };
		C4D29E591AA2707A00F683E4 /* AFHTTPRequestOperation.m in Sources */ = {isa = PBXBuildFile; fileRef = C4D29E471AA2707A00F683E4 /* AFHTTPRequestOperation.m */; };
		C4D29E5A1AA2707A00F683E4 /* AFHTTPRequestOperationManager.m in Sources */ = {isa = PBXBuildFile; fileRef = C4D29E491AA2707A00F683E4 /* AFHTTPRequestOperationManager.m */; };
		C4D29E5B1AA2707A00F683E4 /* AFHTTPSessionManager.m in Sources */ = {isa = PBXBuildFile; fileRef = C4D29E4B1AA2707A00F683E4 /* AFHTTPSessionManager.m */; };
		C4D29E5C1AA2707A00F683E4 /* AFNetworkReachabilityManager.m in Sources */ = {isa = PBXBuildFile; fileRef = C4D29E4E1AA2707A00F683E4 /* AFNetworkReachabilityManager.m */; };
		C4D29E5D1AA2707A00F683E4 /* AFSecurityPolicy.m in Sources */ = {isa = PBXBuildFile; fileRef = C4D29E501AA2707A00F683E4 /* AFSecurityPolicy.m */; };
		C4D29E5E1AA2707A00F683E4 /* AFURLConnectionOperation.m in Sources */ = {isa = PBXBuildFile; fileRef = C4D29E521AA2707A00F683E4 /* AFURLConnectionOperation.m */; };
		C4D29E5F1AA2707A00F683E4 /* AFURLRequestSerialization.m in Sources */ = {isa = PBXBuildFile; fileRef = C4D29E541AA2707A00F683E4 /* AFURLRequestSerialization.m */; };
		C4D29E601AA2707A00F683E4 /* AFURLResponseSerialization.m in Sources */ = {isa = PBXBuildFile; fileRef = C4D29E561AA2707A00F683E4 /* AFURLResponseSerialization.m */; };
		C4D29E611AA2707A00F683E4 /* AFURLSessionManager.m in Sources */ = {isa = PBXBuildFile; fileRef = C4D29E581AA2707A00F683E4 /* AFURLSessionManager.m */; };
		C4D29E641AA2763E00F683E4 /* ParserXMLViewController.swift in Sources */ = {isa = PBXBuildFile; fileRef = C4D29E631AA2763E00F683E4 /* ParserXMLViewController.swift */; };
		C4D29E661AA27DF200F683E4 /* Book.swift in Sources */ = {isa = PBXBuildFile; fileRef = C4D29E651AA27DF200F683E4 /* Book.swift */; };
		C4D29E681AA28F3300F683E4 /* ParserJSONViewController.swift in Sources */ = {isa = PBXBuildFile; fileRef = C4D29E671AA28F3300F683E4 /* ParserJSONViewController.swift */; };
/* End PBXBuildFile section */

/* Begin PBXContainerItemProxy section */
		C4D29E361AA26E7800F683E4 /* PBXContainerItemProxy */ = {
			isa = PBXContainerItemProxy;
			containerPortal = C4D29E181AA26E7800F683E4 /* Project object */;
			proxyType = 1;
			remoteGlobalIDString = C4D29E1F1AA26E7800F683E4;
			remoteInfo = Parser;
		};
/* End PBXContainerItemProxy section */

/* Begin PBXFileReference section */
		C4D29E201AA26E7800F683E4 /* Parser.app */ = {isa = PBXFileReference; explicitFileType = wrapper.application; includeInIndex = 0; path = Parser.app; sourceTree = BUILT_PRODUCTS_DIR; };
		C4D29E241AA26E7800F683E4 /* Info.plist */ = {isa = PBXFileReference; lastKnownFileType = text.plist.xml; path = Info.plist; sourceTree = "<group>"; };
		C4D29E251AA26E7800F683E4 /* AppDelegate.swift */ = {isa = PBXFileReference; lastKnownFileType = sourcecode.swift; path = AppDelegate.swift; sourceTree = "<group>"; };
		C4D29E271AA26E7800F683E4 /* ViewController.swift */ = {isa = PBXFileReference; lastKnownFileType = sourcecode.swift; path = ViewController.swift; sourceTree = "<group>"; };
		C4D29E2A1AA26E7800F683E4 /* Base */ = {isa = PBXFileReference; lastKnownFileType = file.storyboard; name = Base; path = Base.lproj/Main.storyboard; sourceTree = "<group>"; };
		C4D29E2C1AA26E7800F683E4 /* Images.xcassets */ = {isa = PBXFileReference; lastKnownFileType = folder.assetcatalog; path = Images.xcassets; sourceTree = "<group>"; };
		C4D29E2F1AA26E7800F683E4 /* Base */ = {isa = PBXFileReference; lastKnownFileType = file.xib; name = Base; path = Base.lproj/LaunchScreen.xib; sourceTree = "<group>"; };
		C4D29E351AA26E7800F683E4 /* ParserTests.xctest */ = {isa = PBXFileReference; explicitFileType = wrapper.cfbundle; includeInIndex = 0; path = ParserTests.xctest; sourceTree = BUILT_PRODUCTS_DIR; };
		C4D29E3A1AA26E7800F683E4 /* Info.plist */ = {isa = PBXFileReference; lastKnownFileType = text.plist.xml; path = Info.plist; sourceTree = "<group>"; };
		C4D29E3B1AA26E7800F683E4 /* ParserTests.swift */ = {isa = PBXFileReference; lastKnownFileType = sourcecode.swift; path = ParserTests.swift; sourceTree = "<group>"; };
		C4D29E461AA2707A00F683E4 /* AFHTTPRequestOperation.h */ = {isa = PBXFileReference; fileEncoding = 4; lastKnownFileType = sourcecode.c.h; path = AFHTTPRequestOperation.h; sourceTree = "<group>"; };
		C4D29E471AA2707A00F683E4 /* AFHTTPRequestOperation.m */ = {isa = PBXFileReference; fileEncoding = 4; lastKnownFileType = sourcecode.c.objc; path = AFHTTPRequestOperation.m; sourceTree = "<group>"; };
		C4D29E481AA2707A00F683E4 /* AFHTTPRequestOperationManager.h */ = {isa = PBXFileReference; fileEncoding = 4; lastKnownFileType = sourcecode.c.h; path = AFHTTPRequestOperationManager.h; sourceTree = "<group>"; };
		C4D29E491AA2707A00F683E4 /* AFHTTPRequestOperationManager.m */ = {isa = PBXFileReference; fileEncoding = 4; lastKnownFileType = sourcecode.c.objc; path = AFHTTPRequestOperationManager.m; sourceTree = "<group>"; };
		C4D29E4A1AA2707A00F683E4 /* AFHTTPSessionManager.h */ = {isa = PBXFileReference; fileEncoding = 4; lastKnownFileType = sourcecode.c.h; path = AFHTTPSessionManager.h; sourceTree = "<group>"; };
		C4D29E4B1AA2707A00F683E4 /* AFHTTPSessionManager.m */ = {isa = PBXFileReference; fileEncoding = 4; lastKnownFileType = sourcecode.c.objc; path = AFHTTPSessionManager.m; sourceTree = "<group>"; };
		C4D29E4C1AA2707A00F683E4 /* AFNetworking.h */ = {isa = PBXFileReference; fileEncoding = 4; lastKnownFileType = sourcecode.c.h; path = AFNetworking.h; sourceTree = "<group>"; };
		C4D29E4D1AA2707A00F683E4 /* AFNetworkReachabilityManager.h */ = {isa = PBXFileReference; fileEncoding = 4; lastKnownFileType = sourcecode.c.h; path = AFNetworkReachabilityManager.h; sourceTree = "<group>"; };
		C4D29E4E1AA2707A00F683E4 /* AFNetworkReachabilityManager.m */ = {isa = PBXFileReference; fileEncoding = 4; lastKnownFileType = sourcecode.c.objc; path = AFNetworkReachabilityManager.m; sourceTree = "<group>"; };
		C4D29E4F1AA2707A00F683E4 /* AFSecurityPolicy.h */ = {isa = PBXFileReference; fileEncoding = 4; lastKnownFileType = sourcecode.c.h; path = AFSecurityPolicy.h; sourceTree = "<group>"; };
		C4D29E501AA2707A00F683E4 /* AFSecurityPolicy.m */ = {isa = PBXFileReference; fileEncoding = 4; lastKnownFileType = sourcecode.c.objc; path = AFSecurityPolicy.m; sourceTree = "<group>"; };
		C4D29E511AA2707A00F683E4 /* AFURLConnectionOperation.h */ = {isa = PBXFileReference; fileEncoding = 4; lastKnownFileType = sourcecode.c.h; path = AFURLConnectionOperation.h; sourceTree = "<group>"; };
		C4D29E521AA2707A00F683E4 /* AFURLConnectionOperation.m */ = {isa = PBXFileReference; fileEncoding = 4; lastKnownFileType = sourcecode.c.objc; path = AFURLConnectionOperation.m; sourceTree = "<group>"; };
		C4D29E531AA2707A00F683E4 /* AFURLRequestSerialization.h */ = {isa = PBXFileReference; fileEncoding = 4; lastKnownFileType = sourcecode.c.h; path = AFURLRequestSerialization.h; sourceTree = "<group>"; };
		C4D29E541AA2707A00F683E4 /* AFURLRequestSerialization.m */ = {isa = PBXFileReference; fileEncoding = 4; lastKnownFileType = sourcecode.c.objc; path = AFURLRequestSerialization.m; sourceTree = "<group>"; };
		C4D29E551AA2707A00F683E4 /* AFURLResponseSerialization.h */ = {isa = PBXFileReference; fileEncoding = 4; lastKnownFileType = sourcecode.c.h; path = AFURLResponseSerialization.h; sourceTree = "<group>"; };
		C4D29E561AA2707A00F683E4 /* AFURLResponseSerialization.m */ = {isa = PBXFileReference; fileEncoding = 4; lastKnownFileType = sourcecode.c.objc; path = AFURLResponseSerialization.m; sourceTree = "<group>"; };
		C4D29E571AA2707A00F683E4 /* AFURLSessionManager.h */ = {isa = PBXFileReference; fileEncoding = 4; lastKnownFileType = sourcecode.c.h; path = AFURLSessionManager.h; sourceTree = "<group>"; };
		C4D29E581AA2707A00F683E4 /* AFURLSessionManager.m */ = {isa = PBXFileReference; fileEncoding = 4; lastKnownFileType = sourcecode.c.objc; path = AFURLSessionManager.m; sourceTree = "<group>"; };
		C4D29E621AA271EB00F683E4 /* Bridge.h */ = {isa = PBXFileReference; fileEncoding = 4; lastKnownFileType = sourcecode.c.h; path = Bridge.h; sourceTree = "<group>"; };
		C4D29E631AA2763E00F683E4 /* ParserXMLViewController.swift */ = {isa = PBXFileReference; fileEncoding = 4; lastKnownFileType = sourcecode.swift; path = ParserXMLViewController.swift; sourceTree = "<group>"; };
		C4D29E651AA27DF200F683E4 /* Book.swift */ = {isa = PBXFileReference; fileEncoding = 4; lastKnownFileType = sourcecode.swift; path = Book.swift; sourceTree = "<group>"; };
		C4D29E671AA28F3300F683E4 /* ParserJSONViewController.swift */ = {isa = PBXFileReference; fileEncoding = 4; lastKnownFileType = sourcecode.swift; path = ParserJSONViewController.swift; sourceTree = "<group>"; };
/* End PBXFileReference section */

/* Begin PBXFrameworksBuildPhase section */
		C4D29E1D1AA26E7800F683E4 /* Frameworks */ = {
			isa = PBXFrameworksBuildPhase;
			buildActionMask = 2147483647;
			files = (
			);
			runOnlyForDeploymentPostprocessing = 0;
		};
		C4D29E321AA26E7800F683E4 /* Frameworks */ = {
			isa = PBXFrameworksBuildPhase;
			buildActionMask = 2147483647;
			files = (
			);
			runOnlyForDeploymentPostprocessing = 0;
		};
/* End PBXFrameworksBuildPhase section */

/* Begin PBXGroup section */
		C4D29E171AA26E7800F683E4 = {
			isa = PBXGroup;
			children = (
				C4D29E621AA271EB00F683E4 /* Bridge.h */,
				C4D29E451AA2707A00F683E4 /* AFNetworking */,
				C4D29E221AA26E7800F683E4 /* Parser */,
				C4D29E381AA26E7800F683E4 /* ParserTests */,
				C4D29E211AA26E7800F683E4 /* Products */,
			);
			sourceTree = "<group>";
		};
		C4D29E211AA26E7800F683E4 /* Products */ = {
			isa = PBXGroup;
			children = (
				C4D29E201AA26E7800F683E4 /* Parser.app */,
				C4D29E351AA26E7800F683E4 /* ParserTests.xctest */,
			);
			name = Products;
			sourceTree = "<group>";
		};
		C4D29E221AA26E7800F683E4 /* Parser */ = {
			isa = PBXGroup;
			children = (
				C4D29E251AA26E7800F683E4 /* AppDelegate.swift */,
				C4D29E271AA26E7800F683E4 /* ViewController.swift */,
				C4D29E291AA26E7800F683E4 /* Main.storyboard */,
				C4D29E631AA2763E00F683E4 /* ParserXMLViewController.swift */,
				C4D29E671AA28F3300F683E4 /* ParserJSONViewController.swift */,
				C4D29E651AA27DF200F683E4 /* Book.swift */,
				C4D29E2C1AA26E7800F683E4 /* Images.xcassets */,
				C4D29E2E1AA26E7800F683E4 /* LaunchScreen.xib */,
				C4D29E231AA26E7800F683E4 /* Supporting Files */,
			);
			path = Parser;
			sourceTree = "<group>";
		};
		C4D29E231AA26E7800F683E4 /* Supporting Files */ = {
			isa = PBXGroup;
			children = (
				C4D29E241AA26E7800F683E4 /* Info.plist */,
			);
			name = "Supporting Files";
			sourceTree = "<group>";
		};
		C4D29E381AA26E7800F683E4 /* ParserTests */ = {
			isa = PBXGroup;
			children = (
				C4D29E3B1AA26E7800F683E4 /* ParserTests.swift */,
				C4D29E391AA26E7800F683E4 /* Supporting Files */,
			);
			path = ParserTests;
			sourceTree = "<group>";
		};
		C4D29E391AA26E7800F683E4 /* Supporting Files */ = {
			isa = PBXGroup;
			children = (
				C4D29E3A1AA26E7800F683E4 /* Info.plist */,
			);
			name = "Supporting Files";
			sourceTree = "<group>";
		};
		C4D29E451AA2707A00F683E4 /* AFNetworking */ = {
			isa = PBXGroup;
			children = (
				C4D29E461AA2707A00F683E4 /* AFHTTPRequestOperation.h */,
				C4D29E471AA2707A00F683E4 /* AFHTTPRequestOperation.m */,
				C4D29E481AA2707A00F683E4 /* AFHTTPRequestOperationManager.h */,
				C4D29E491AA2707A00F683E4 /* AFHTTPRequestOperationManager.m */,
				C4D29E4A1AA2707A00F683E4 /* AFHTTPSessionManager.h */,
				C4D29E4B1AA2707A00F683E4 /* AFHTTPSessionManager.m */,
				C4D29E4C1AA2707A00F683E4 /* AFNetworking.h */,
				C4D29E4D1AA2707A00F683E4 /* AFNetworkReachabilityManager.h */,
				C4D29E4E1AA2707A00F683E4 /* AFNetworkReachabilityManager.m */,
				C4D29E4F1AA2707A00F683E4 /* AFSecurityPolicy.h */,
				C4D29E501AA2707A00F683E4 /* AFSecurityPolicy.m */,
				C4D29E511AA2707A00F683E4 /* AFURLConnectionOperation.h */,
				C4D29E521AA2707A00F683E4 /* AFURLConnectionOperation.m */,
				C4D29E531AA2707A00F683E4 /* AFURLRequestSerialization.h */,
				C4D29E541AA2707A00F683E4 /* AFURLRequestSerialization.m */,
				C4D29E551AA2707A00F683E4 /* AFURLResponseSerialization.h */,
				C4D29E561AA2707A00F683E4 /* AFURLResponseSerialization.m */,
				C4D29E571AA2707A00F683E4 /* AFURLSessionManager.h */,
				C4D29E581AA2707A00F683E4 /* AFURLSessionManager.m */,
			);
			path = AFNetworking;
			sourceTree = "<group>";
		};
/* End PBXGroup section */

/* Begin PBXNativeTarget section */
		C4D29E1F1AA26E7800F683E4 /* Parser */ = {
			isa = PBXNativeTarget;
			buildConfigurationList = C4D29E3F1AA26E7800F683E4 /* Build configuration list for PBXNativeTarget "Parser" */;
			buildPhases = (
				C4D29E1C1AA26E7800F683E4 /* Sources */,
				C4D29E1D1AA26E7800F683E4 /* Frameworks */,
				C4D29E1E1AA26E7800F683E4 /* Resources */,
			);
			buildRules = (
			);
			dependencies = (
			);
			name = Parser;
			productName = Parser;
			productReference = C4D29E201AA26E7800F683E4 /* Parser.app */;
			productType = "com.apple.product-type.application";
		};
		C4D29E341AA26E7800F683E4 /* ParserTests */ = {
			isa = PBXNativeTarget;
			buildConfigurationList = C4D29E421AA26E7800F683E4 /* Build configuration list for PBXNativeTarget "ParserTests" */;
			buildPhases = (
				C4D29E311AA26E7800F683E4 /* Sources */,
				C4D29E321AA26E7800F683E4 /* Frameworks */,
				C4D29E331AA26E7800F683E4 /* Resources */,
			);
			buildRules = (
			);
			dependencies = (
				C4D29E371AA26E7800F683E4 /* PBXTargetDependency */,
			);
			name = ParserTests;
			productName = ParserTests;
			productReference = C4D29E351AA26E7800F683E4 /* ParserTests.xctest */;
			productType = "com.apple.product-type.bundle.unit-test";
		};
/* End PBXNativeTarget section */

/* Begin PBXProject section */
		C4D29E181AA26E7800F683E4 /* Project object */ = {
			isa = PBXProject;
			attributes = {
				LastUpgradeCheck = 0610;
				ORGANIZATIONNAME = MobileStudio;
				TargetAttributes = {
					C4D29E1F1AA26E7800F683E4 = {
						CreatedOnToolsVersion = 6.1.1;
					};
					C4D29E341AA26E7800F683E4 = {
						CreatedOnToolsVersion = 6.1.1;
						TestTargetID = C4D29E1F1AA26E7800F683E4;
					};
				};
			};
			buildConfigurationList = C4D29E1B1AA26E7800F683E4 /* Build configuration list for PBXProject "Parser" */;
			compatibilityVersion = "Xcode 3.2";
			developmentRegion = English;
			hasScannedForEncodings = 0;
			knownRegions = (
				en,
				Base,
			);
			mainGroup = C4D29E171AA26E7800F683E4;
			productRefGroup = C4D29E211AA26E7800F683E4 /* Products */;
			projectDirPath = "";
			projectRoot = "";
			targets = (
				C4D29E1F1AA26E7800F683E4 /* Parser */,
				C4D29E341AA26E7800F683E4 /* ParserTests */,
			);
		};
/* End PBXProject section */

/* Begin PBXResourcesBuildPhase section */
		C4D29E1E1AA26E7800F683E4 /* Resources */ = {
			isa = PBXResourcesBuildPhase;
			buildActionMask = 2147483647;
			files = (
				C4D29E2B1AA26E7800F683E4 /* Main.storyboard in Resources */,
				C4D29E301AA26E7800F683E4 /* LaunchScreen.xib in Resources */,
				C4D29E2D1AA26E7800F683E4 /* Images.xcassets in Resources */,
			);
			runOnlyForDeploymentPostprocessing = 0;
		};
		C4D29E331AA26E7800F683E4 /* Resources */ = {
			isa = PBXResourcesBuildPhase;
			buildActionMask = 2147483647;
			files = (
			);
			runOnlyForDeploymentPostprocessing = 0;
		};
/* End PBXResourcesBuildPhase section */

/* Begin PBXSourcesBuildPhase section */
		C4D29E1C1AA26E7800F683E4 /* Sources */ = {
			isa = PBXSourcesBuildPhase;
			buildActionMask = 2147483647;
			files = (
				C4D29E5F1AA2707A00F683E4 /* AFURLRequestSerialization.m in Sources */,
				C4D29E681AA28F3300F683E4 /* ParserJSONViewController.swift in Sources */,
				C4D29E5E1AA2707A00F683E4 /* AFURLConnectionOperation.m in Sources */,
				C4D29E5D1AA2707A00F683E4 /* AFSecurityPolicy.m in Sources */,
				C4D29E591AA2707A00F683E4 /* AFHTTPRequestOperation.m in Sources */,
				C4D29E611AA2707A00F683E4 /* AFURLSessionManager.m in Sources */,
				C4D29E641AA2763E00F683E4 /* ParserXMLViewController.swift in Sources */,
				C4D29E601AA2707A00F683E4 /* AFURLResponseSerialization.m in Sources */,
				C4D29E281AA26E7800F683E4 /* ViewController.swift in Sources */,
				C4D29E5B1AA2707A00F683E4 /* AFHTTPSessionManager.m in Sources */,
				C4D29E5A1AA2707A00F683E4 /* AFHTTPRequestOperationManager.m in Sources */,
				C4D29E5C1AA2707A00F683E4 /* AFNetworkReachabilityManager.m in Sources */,
				C4D29E661AA27DF200F683E4 /* Book.swift in Sources */,
				C4D29E261AA26E7800F683E4 /* AppDelegate.swift in Sources */,
			);
			runOnlyForDeploymentPostprocessing = 0;
		};
		C4D29E311AA26E7800F683E4 /* Sources */ = {
			isa = PBXSourcesBuildPhase;
			buildActionMask = 2147483647;
			files = (
				C4D29E3C1AA26E7800F683E4 /* ParserTests.swift in Sources */,
			);
			runOnlyForDeploymentPostprocessing = 0;
		};
/* End PBXSourcesBuildPhase section */

/* Begin PBXTargetDependency section */
		C4D29E371AA26E7800F683E4 /* PBXTargetDependency */ = {
			isa = PBXTargetDependency;
			target = C4D29E1F1AA26E7800F683E4 /* Parser */;
			targetProxy = C4D29E361AA26E7800F683E4 /* PBXContainerItemProxy */;
		};
/* End PBXTargetDependency section */

/* Begin PBXVariantGroup section */
		C4D29E291AA26E7800F683E4 /* Main.storyboard */ = {
			isa = PBXVariantGroup;
			children = (
				C4D29E2A1AA26E7800F683E4 /* Base */,
			);
			name = Main.storyboard;
			sourceTree = "<group>";
		};
		C4D29E2E1AA26E7800F683E4 /* LaunchScreen.xib */ = {
			isa = PBXVariantGroup;
			children = (
				C4D29E2F1AA26E7800F683E4 /* Base */,
			);
			name = LaunchScreen.xib;
			sourceTree = "<group>";
		};
/* End PBXVariantGroup section */

/* Begin XCBuildConfiguration section */
		C4D29E3D1AA26E7800F683E4 /* Debug */ = {
			isa = XCBuildConfiguration;
			buildSettings = {
				ALWAYS_SEARCH_USER_PATHS = NO;
				CLANG_CXX_LANGUAGE_STANDARD = "gnu++0x";
				CLANG_CXX_LIBRARY = "libc++";
				CLANG_ENABLE_MODULES = YES;
				CLANG_ENABLE_OBJC_ARC = YES;
				CLANG_WARN_BOOL_CONVERSION = YES;
				CLANG_WARN_CONSTANT_CONVERSION = YES;
				CLANG_WARN_DIRECT_OBJC_ISA_USAGE = YES_ERROR;
				CLANG_WARN_EMPTY_BODY = YES;
				CLANG_WARN_ENUM_CONVERSION = YES;
				CLANG_WARN_INT_CONVERSION = YES;
				CLANG_WARN_OBJC_ROOT_CLASS = YES_ERROR;
				CLANG_WARN_UNREACHABLE_CODE = YES;
				CLANG_WARN__DUPLICATE_METHOD_MATCH = YES;
				"CODE_SIGN_IDENTITY[sdk=iphoneos*]" = "iPhone Developer";
				COPY_PHASE_STRIP = NO;
				ENABLE_STRICT_OBJC_MSGSEND = YES;
				GCC_C_LANGUAGE_STANDARD = gnu99;
				GCC_DYNAMIC_NO_PIC = NO;
				GCC_OPTIMIZATION_LEVEL = 0;
				GCC_PREPROCESSOR_DEFINITIONS = (
					"DEBUG=1",
					"$(inherited)",
				);
				GCC_SYMBOLS_PRIVATE_EXTERN = NO;
				GCC_WARN_64_TO_32_BIT_CONVERSION = YES;
				GCC_WARN_ABOUT_RETURN_TYPE = YES_ERROR;
				GCC_WARN_UNDECLARED_SELECTOR = YES;
				GCC_WARN_UNINITIALIZED_AUTOS = YES_AGGRESSIVE;
				GCC_WARN_UNUSED_FUNCTION = YES;
				GCC_WARN_UNUSED_VARIABLE = YES;
				IPHONEOS_DEPLOYMENT_TARGET = 8.1;
				MTL_ENABLE_DEBUG_INFO = YES;
				ONLY_ACTIVE_ARCH = YES;
				SDKROOT = iphoneos;
				SWIFT_OPTIMIZATION_LEVEL = "-Onone";
			};
			name = Debug;
		};
		C4D29E3E1AA26E7800F683E4 /* Release */ = {
			isa = XCBuildConfiguration;
			buildSettings = {
				ALWAYS_SEARCH_USER_PATHS = NO;
				CLANG_CXX_LANGUAGE_STANDARD = "gnu++0x";
				CLANG_CXX_LIBRARY = "libc++";
				CLANG_ENABLE_MODULES = YES;
				CLANG_ENABLE_OBJC_ARC = YES;
				CLANG_WARN_BOOL_CONVERSION = YES;
				CLANG_WARN_CONSTANT_CONVERSION = YES;
				CLANG_WARN_DIRECT_OBJC_ISA_USAGE = YES_ERROR;
				CLANG_WARN_EMPTY_BODY = YES;
				CLANG_WARN_ENUM_CONVERSION = YES;
				CLANG_WARN_INT_CONVERSION = YES;
				CLANG_WARN_OBJC_ROOT_CLASS = YES_ERROR;
				CLANG_WARN_UNREACHABLE_CODE = YES;
				CLANG_WARN__DUPLICATE_METHOD_MATCH = YES;
				"CODE_SIGN_IDENTITY[sdk=iphoneos*]" = "iPhone Developer";
				COPY_PHASE_STRIP = YES;
				ENABLE_NS_ASSERTIONS = NO;
				ENABLE_STRICT_OBJC_MSGSEND = YES;
				GCC_C_LANGUAGE_STANDARD = gnu99;
				GCC_WARN_64_TO_32_BIT_CONVERSION = YES;
				GCC_WARN_ABOUT_RETURN_TYPE = YES_ERROR;
				GCC_WARN_UNDECLARED_SELECTOR = YES;
				GCC_WARN_UNINITIALIZED_AUTOS = YES_AGGRESSIVE;
				GCC_WARN_UNUSED_FUNCTION = YES;
				GCC_WARN_UNUSED_VARIABLE = YES;
				IPHONEOS_DEPLOYMENT_TARGET = 8.1;
				MTL_ENABLE_DEBUG_INFO = NO;
				SDKROOT = iphoneos;
				VALIDATE_PRODUCT = YES;
			};
			name = Release;
		};
		C4D29E401AA26E7800F683E4 /* Debug */ = {
			isa = XCBuildConfiguration;
			buildSettings = {
				ASSETCATALOG_COMPILER_APPICON_NAME = AppIcon;
				DEFINES_MODULE = YES;
				INFOPLIST_FILE = Parser/Info.plist;
				LD_RUNPATH_SEARCH_PATHS = "$(inherited) @executable_path/Frameworks";
				PRODUCT_NAME = "$(TARGET_NAME)";
				SWIFT_OBJC_BRIDGING_HEADER = Bridge.h;
			};
			name = Debug;
		};
		C4D29E411AA26E7800F683E4 /* Release */ = {
			isa = XCBuildConfiguration;
			buildSettings = {
				ASSETCATALOG_COMPILER_APPICON_NAME = AppIcon;
				DEFINES_MODULE = YES;
				INFOPLIST_FILE = Parser/Info.plist;
				LD_RUNPATH_SEARCH_PATHS = "$(inherited) @executable_path/Frameworks";
				PRODUCT_NAME = "$(TARGET_NAME)";
				SWIFT_OBJC_BRIDGING_HEADER = Bridge.h;
			};
			name = Release;
		};
		C4D29E431AA26E7800F683E4 /* Debug */ = {
			isa = XCBuildConfiguration;
			buildSettings = {
				BUNDLE_LOADER = "$(TEST_HOST)";
				FRAMEWORK_SEARCH_PATHS = (
					"$(SDKROOT)/Developer/Library/Frameworks",
					"$(inherited)",
				);
				GCC_PREPROCESSOR_DEFINITIONS = (
					"DEBUG=1",
					"$(inherited)",
				);
				INFOPLIST_FILE = ParserTests/Info.plist;
				LD_RUNPATH_SEARCH_PATHS = "$(inherited) @executable_path/Frameworks @loader_path/Frameworks";
				PRODUCT_NAME = "$(TARGET_NAME)";
				TEST_HOST = "$(BUILT_PRODUCTS_DIR)/Parser.app/Parser";
			};
			name = Debug;
		};
		C4D29E441AA26E7800F683E4 /* Release */ = {
			isa = XCBuildConfiguration;
			buildSettings = {
				BUNDLE_LOADER = "$(TEST_HOST)";
				FRAMEWORK_SEARCH_PATHS = (
					"$(SDKROOT)/Developer/Library/Frameworks",
					"$(inherited)",
				);
				INFOPLIST_FILE = ParserTests/Info.plist;
				LD_RUNPATH_SEARCH_PATHS = "$(inherited) @executable_path/Frameworks @loader_path/Frameworks";
				PRODUCT_NAME = "$(TARGET_NAME)";
				TEST_HOST = "$(BUILT_PRODUCTS_DIR)/Parser.app/Parser";
			};
			name = Release;
		};
/* End XCBuildConfiguration section */

/* Begin XCConfigurationList section */
		C4D29E1B1AA26E7800F683E4 /* Build configuration list for PBXProject "Parser" */ = {
			isa = XCConfigurationList;
			buildConfigurations = (
				C4D29E3D1AA26E7800F683E4 /* Debug */,
				C4D29E3E1AA26E7800F683E4 /* Release */,
			);
			defaultConfigurationIsVisible = 0;
			defaultConfigurationName = Release;
		};
		C4D29E3F1AA26E7800F683E4 /* Build configuration list for PBXNativeTarget "Parser" */ = {
			isa = XCConfigurationList;
			buildConfigurations = (
				C4D29E401AA26E7800F683E4 /* Debug */,
				C4D29E411AA26E7800F683E4 /* Release */,
			);
			defaultConfigurationIsVisible = 0;
		};
		C4D29E421AA26E7800F683E4 /* Build configuration list for PBXNativeTarget "ParserTests" */ = {
			isa = XCConfigurationList;
			buildConfigurations = (
				C4D29E431AA26E7800F683E4 /* Debug */,
				C4D29E441AA26E7800F683E4 /* Release */,
			);
			defaultConfigurationIsVisible = 0;
		};
/* End XCConfigurationList section */
	};
	rootObject = C4D29E181AA26E7800F683E4 /* Project object */;
}
