// !$*UTF8*$!
{
	archiveVersion = 1;
	classes = {
	};
	objectVersion = 46;
	objects = {

/* Begin PBXBuildFile section */
		C4649FC81A7D80AE00B63C0B /* AppDelegate.swift in Sources */ = {isa = PBXBuildFile; fileRef = C4649FC71A7D80AE00B63C0B /* AppDelegate.swift */; };
		C4649FCB1A7D80AE00B63C0B /* MyToDoList.xcdatamodeld in Sources */ = {isa = PBXBuildFile; fileRef = C4649FC91A7D80AE00B63C0B /* MyToDoList.xcdatamodeld */; };
		C4649FCD1A7D80AE00B63C0B /* ViewController.swift in Sources */ = {isa = PBXBuildFile; fileRef = C4649FCC1A7D80AE00B63C0B /* ViewController.swift */; };
		C4649FD01A7D80AE00B63C0B /* Main.storyboard in Resources */ = {isa = PBXBuildFile; fileRef = C4649FCE1A7D80AE00B63C0B /* Main.storyboard */; };
		C4649FD21A7D80AE00B63C0B /* Images.xcassets in Resources */ = {isa = PBXBuildFile; fileRef = C4649FD11A7D80AE00B63C0B /* Images.xcassets */; };
		C4649FD51A7D80AE00B63C0B /* LaunchScreen.xib in Resources */ = {isa = PBXBuildFile; fileRef = C4649FD31A7D80AE00B63C0B /* LaunchScreen.xib */; };
		C4649FE11A7D80AE00B63C0B /* MyToDoListTests.swift in Sources */ = {isa = PBXBuildFile; fileRef = C4649FE01A7D80AE00B63C0B /* MyToDoListTests.swift */; };
		C4649FEB1A7D810800B63C0B /* ToDoListViewController.swift in Sources */ = {isa = PBXBuildFile; fileRef = C4649FEA1A7D810800B63C0B /* ToDoListViewController.swift */; };
/* End PBXBuildFile section */

/* Begin PBXContainerItemProxy section */
		C4649FDB1A7D80AE00B63C0B /* PBXContainerItemProxy */ = {
			isa = PBXContainerItemProxy;
			containerPortal = C4649FBA1A7D80AE00B63C0B /* Project object */;
			proxyType = 1;
			remoteGlobalIDString = C4649FC11A7D80AE00B63C0B;
			remoteInfo = MyToDoList;
		};
/* End PBXContainerItemProxy section */

/* Begin PBXFileReference section */
		C4649FC21A7D80AE00B63C0B /* MyToDoList.app */ = {isa = PBXFileReference; explicitFileType = wrapper.application; includeInIndex = 0; path = MyToDoList.app; sourceTree = BUILT_PRODUCTS_DIR; };
		C4649FC61A7D80AE00B63C0B /* Info.plist */ = {isa = PBXFileReference; lastKnownFileType = text.plist.xml; path = Info.plist; sourceTree = "<group>"; };
		C4649FC71A7D80AE00B63C0B /* AppDelegate.swift */ = {isa = PBXFileReference; lastKnownFileType = sourcecode.swift; path = AppDelegate.swift; sourceTree = "<group>"; };
		C4649FCA1A7D80AE00B63C0B /* MyToDoList.xcdatamodel */ = {isa = PBXFileReference; lastKnownFileType = wrapper.xcdatamodel; path = MyToDoList.xcdatamodel; sourceTree = "<group>"; };
		C4649FCC1A7D80AE00B63C0B /* ViewController.swift */ = {isa = PBXFileReference; lastKnownFileType = sourcecode.swift; path = ViewController.swift; sourceTree = "<group>"; };
		C4649FCF1A7D80AE00B63C0B /* Base */ = {isa = PBXFileReference; lastKnownFileType = file.storyboard; name = Base; path = Base.lproj/Main.storyboard; sourceTree = "<group>"; };
		C4649FD11A7D80AE00B63C0B /* Images.xcassets */ = {isa = PBXFileReference; lastKnownFileType = folder.assetcatalog; path = Images.xcassets; sourceTree = "<group>"; };
		C4649FD41A7D80AE00B63C0B /* Base */ = {isa = PBXFileReference; lastKnownFileType = file.xib; name = Base; path = Base.lproj/LaunchScreen.xib; sourceTree = "<group>"; };
		C4649FDA1A7D80AE00B63C0B /* MyToDoListTests.xctest */ = {isa = PBXFileReference; explicitFileType = wrapper.cfbundle; includeInIndex = 0; path = MyToDoListTests.xctest; sourceTree = BUILT_PRODUCTS_DIR; };
		C4649FDF1A7D80AE00B63C0B /* Info.plist */ = {isa = PBXFileReference; lastKnownFileType = text.plist.xml; path = Info.plist; sourceTree = "<group>"; };
		C4649FE01A7D80AE00B63C0B /* MyToDoListTests.swift */ = {isa = PBXFileReference; lastKnownFileType = sourcecode.swift; path = MyToDoListTests.swift; sourceTree = "<group>"; };
		C4649FEA1A7D810800B63C0B /* ToDoListViewController.swift */ = {isa = PBXFileReference; fileEncoding = 4; lastKnownFileType = sourcecode.swift; path = ToDoListViewController.swift; sourceTree = "<group>"; };
/* End PBXFileReference section */

/* Begin PBXFrameworksBuildPhase section */
		C4649FBF1A7D80AE00B63C0B /* Frameworks */ = {
			isa = PBXFrameworksBuildPhase;
			buildActionMask = 2147483647;
			files = (
			);
			runOnlyForDeploymentPostprocessing = 0;
		};
		C4649FD71A7D80AE00B63C0B /* Frameworks */ = {
			isa = PBXFrameworksBuildPhase;
			buildActionMask = 2147483647;
			files = (
			);
			runOnlyForDeploymentPostprocessing = 0;
		};
/* End PBXFrameworksBuildPhase section */

/* Begin PBXGroup section */
		C4649FB91A7D80AE00B63C0B = {
			isa = PBXGroup;
			children = (
				C4649FC41A7D80AE00B63C0B /* MyToDoList */,
				C4649FDD1A7D80AE00B63C0B /* MyToDoListTests */,
				C4649FC31A7D80AE00B63C0B /* Products */,
			);
			sourceTree = "<group>";
		};
		C4649FC31A7D80AE00B63C0B /* Products */ = {
			isa = PBXGroup;
			children = (
				C4649FC21A7D80AE00B63C0B /* MyToDoList.app */,
				C4649FDA1A7D80AE00B63C0B /* MyToDoListTests.xctest */,
			);
			name = Products;
			sourceTree = "<group>";
		};
		C4649FC41A7D80AE00B63C0B /* MyToDoList */ = {
			isa = PBXGroup;
			children = (
				C4649FC71A7D80AE00B63C0B /* AppDelegate.swift */,
				C4649FCC1A7D80AE00B63C0B /* ViewController.swift */,
				C4649FEA1A7D810800B63C0B /* ToDoListViewController.swift */,
				C4649FCE1A7D80AE00B63C0B /* Main.storyboard */,
				C4649FD11A7D80AE00B63C0B /* Images.xcassets */,
				C4649FD31A7D80AE00B63C0B /* LaunchScreen.xib */,
				C4649FC91A7D80AE00B63C0B /* MyToDoList.xcdatamodeld */,
				C4649FC51A7D80AE00B63C0B /* Supporting Files */,
			);
			path = MyToDoList;
			sourceTree = "<group>";
		};
		C4649FC51A7D80AE00B63C0B /* Supporting Files */ = {
			isa = PBXGroup;
			children = (
				C4649FC61A7D80AE00B63C0B /* Info.plist */,
			);
			name = "Supporting Files";
			sourceTree = "<group>";
		};
		C4649FDD1A7D80AE00B63C0B /* MyToDoListTests */ = {
			isa = PBXGroup;
			children = (
				C4649FE01A7D80AE00B63C0B /* MyToDoListTests.swift */,
				C4649FDE1A7D80AE00B63C0B /* Supporting Files */,
			);
			path = MyToDoListTests;
			sourceTree = "<group>";
		};
		C4649FDE1A7D80AE00B63C0B /* Supporting Files */ = {
			isa = PBXGroup;
			children = (
				C4649FDF1A7D80AE00B63C0B /* Info.plist */,
			);
			name = "Supporting Files";
			sourceTree = "<group>";
		};
/* End PBXGroup section */

/* Begin PBXNativeTarget section */
		C4649FC11A7D80AE00B63C0B /* MyToDoList */ = {
			isa = PBXNativeTarget;
			buildConfigurationList = C4649FE41A7D80AE00B63C0B /* Build configuration list for PBXNativeTarget "MyToDoList" */;
			buildPhases = (
				C4649FBE1A7D80AE00B63C0B /* Sources */,
				C4649FBF1A7D80AE00B63C0B /* Frameworks */,
				C4649FC01A7D80AE00B63C0B /* Resources */,
			);
			buildRules = (
			);
			dependencies = (
			);
			name = MyToDoList;
			productName = MyToDoList;
			productReference = C4649FC21A7D80AE00B63C0B /* MyToDoList.app */;
			productType = "com.apple.product-type.application";
		};
		C4649FD91A7D80AE00B63C0B /* MyToDoListTests */ = {
			isa = PBXNativeTarget;
			buildConfigurationList = C4649FE71A7D80AE00B63C0B /* Build configuration list for PBXNativeTarget "MyToDoListTests" */;
			buildPhases = (
				C4649FD61A7D80AE00B63C0B /* Sources */,
				C4649FD71A7D80AE00B63C0B /* Frameworks */,
				C4649FD81A7D80AE00B63C0B /* Resources */,
			);
			buildRules = (
			);
			dependencies = (
				C4649FDC1A7D80AE00B63C0B /* PBXTargetDependency */,
			);
			name = MyToDoListTests;
			productName = MyToDoListTests;
			productReference = C4649FDA1A7D80AE00B63C0B /* MyToDoListTests.xctest */;
			productType = "com.apple.product-type.bundle.unit-test";
		};
/* End PBXNativeTarget section */

/* Begin PBXProject section */
		C4649FBA1A7D80AE00B63C0B /* Project object */ = {
			isa = PBXProject;
			attributes = {
				LastUpgradeCheck = 0610;
				ORGANIZATIONNAME = MobileStudio;
				TargetAttributes = {
					C4649FC11A7D80AE00B63C0B = {
						CreatedOnToolsVersion = 6.1.1;
					};
					C4649FD91A7D80AE00B63C0B = {
						CreatedOnToolsVersion = 6.1.1;
						TestTargetID = C4649FC11A7D80AE00B63C0B;
					};
				};
			};
			buildConfigurationList = C4649FBD1A7D80AE00B63C0B /* Build configuration list for PBXProject "MyToDoList" */;
			compatibilityVersion = "Xcode 3.2";
			developmentRegion = English;
			hasScannedForEncodings = 0;
			knownRegions = (
				en,
				Base,
			);
			mainGroup = C4649FB91A7D80AE00B63C0B;
			productRefGroup = C4649FC31A7D80AE00B63C0B /* Products */;
			projectDirPath = "";
			projectRoot = "";
			targets = (
				C4649FC11A7D80AE00B63C0B /* MyToDoList */,
				C4649FD91A7D80AE00B63C0B /* MyToDoListTests */,
			);
		};
/* End PBXProject section */

/* Begin PBXResourcesBuildPhase section */
		C4649FC01A7D80AE00B63C0B /* Resources */ = {
			isa = PBXResourcesBuildPhase;
			buildActionMask = 2147483647;
			files = (
				C4649FD01A7D80AE00B63C0B /* Main.storyboard in Resources */,
				C4649FD51A7D80AE00B63C0B /* LaunchScreen.xib in Resources */,
				C4649FD21A7D80AE00B63C0B /* Images.xcassets in Resources */,
			);
			runOnlyForDeploymentPostprocessing = 0;
		};
		C4649FD81A7D80AE00B63C0B /* Resources */ = {
			isa = PBXResourcesBuildPhase;
			buildActionMask = 2147483647;
			files = (
			);
			runOnlyForDeploymentPostprocessing = 0;
		};
/* End PBXResourcesBuildPhase section */

/* Begin PBXSourcesBuildPhase section */
		C4649FBE1A7D80AE00B63C0B /* Sources */ = {
			isa = PBXSourcesBuildPhase;
			buildActionMask = 2147483647;
			files = (
				C4649FEB1A7D810800B63C0B /* ToDoListViewController.swift in Sources */,
				C4649FCD1A7D80AE00B63C0B /* ViewController.swift in Sources */,
				C4649FC81A7D80AE00B63C0B /* AppDelegate.swift in Sources */,
				C4649FCB1A7D80AE00B63C0B /* MyToDoList.xcdatamodeld in Sources */,
			);
			runOnlyForDeploymentPostprocessing = 0;
		};
		C4649FD61A7D80AE00B63C0B /* Sources */ = {
			isa = PBXSourcesBuildPhase;
			buildActionMask = 2147483647;
			files = (
				C4649FE11A7D80AE00B63C0B /* MyToDoListTests.swift in Sources */,
			);
			runOnlyForDeploymentPostprocessing = 0;
		};
/* End PBXSourcesBuildPhase section */

/* Begin PBXTargetDependency section */
		C4649FDC1A7D80AE00B63C0B /* PBXTargetDependency */ = {
			isa = PBXTargetDependency;
			target = C4649FC11A7D80AE00B63C0B /* MyToDoList */;
			targetProxy = C4649FDB1A7D80AE00B63C0B /* PBXContainerItemProxy */;
		};
/* End PBXTargetDependency section */

/* Begin PBXVariantGroup section */
		C4649FCE1A7D80AE00B63C0B /* Main.storyboard */ = {
			isa = PBXVariantGroup;
			children = (
				C4649FCF1A7D80AE00B63C0B /* Base */,
			);
			name = Main.storyboard;
			sourceTree = "<group>";
		};
		C4649FD31A7D80AE00B63C0B /* LaunchScreen.xib */ = {
			isa = PBXVariantGroup;
			children = (
				C4649FD41A7D80AE00B63C0B /* Base */,
			);
			name = LaunchScreen.xib;
			sourceTree = "<group>";
		};
/* End PBXVariantGroup section */

/* Begin XCBuildConfiguration section */
		C4649FE21A7D80AE00B63C0B /* Debug */ = {
			isa = XCBuildConfiguration;
			buildSettings = {
				ALWAYS_SEARCH_USER_PATHS = NO;
				CLANG_CXX_LANGUAGE_STANDARD = "gnu++0x";
				CLANG_CXX_LIBRARY = "libc++";
				CLANG_ENABLE_MODULES = YES;
				CLANG_ENABLE_OBJC_ARC = YES;
				CLANG_WARN_BOOL_CONVERSION = YES;
				CLANG_WARN_CONSTANT_CONVERSION = YES;
				CLANG_WARN_DIRECT_OBJC_ISA_USAGE = YES_ERROR;
				CLANG_WARN_EMPTY_BODY = YES;
				CLANG_WARN_ENUM_CONVERSION = YES;
				CLANG_WARN_INT_CONVERSION = YES;
				CLANG_WARN_OBJC_ROOT_CLASS = YES_ERROR;
				CLANG_WARN_UNREACHABLE_CODE = YES;
				CLANG_WARN__DUPLICATE_METHOD_MATCH = YES;
				"CODE_SIGN_IDENTITY[sdk=iphoneos*]" = "iPhone Developer";
				COPY_PHASE_STRIP = NO;
				ENABLE_STRICT_OBJC_MSGSEND = YES;
				GCC_C_LANGUAGE_STANDARD = gnu99;
				GCC_DYNAMIC_NO_PIC = NO;
				GCC_OPTIMIZATION_LEVEL = 0;
				GCC_PREPROCESSOR_DEFINITIONS = (
					"DEBUG=1",
					"$(inherited)",
				);
				GCC_SYMBOLS_PRIVATE_EXTERN = NO;
				GCC_WARN_64_TO_32_BIT_CONVERSION = YES;
				GCC_WARN_ABOUT_RETURN_TYPE = YES_ERROR;
				GCC_WARN_UNDECLARED_SELECTOR = YES;
				GCC_WARN_UNINITIALIZED_AUTOS = YES_AGGRESSIVE;
				GCC_WARN_UNUSED_FUNCTION = YES;
				GCC_WARN_UNUSED_VARIABLE = YES;
				IPHONEOS_DEPLOYMENT_TARGET = 8.1;
				MTL_ENABLE_DEBUG_INFO = YES;
				ONLY_ACTIVE_ARCH = YES;
				SDKROOT = iphoneos;
				SWIFT_OPTIMIZATION_LEVEL = "-Onone";
				TARGETED_DEVICE_FAMILY = "1,2";
			};
			name = Debug;
		};
		C4649FE31A7D80AE00B63C0B /* Release */ = {
			isa = XCBuildConfiguration;
			buildSettings = {
				ALWAYS_SEARCH_USER_PATHS = NO;
				CLANG_CXX_LANGUAGE_STANDARD = "gnu++0x";
				CLANG_CXX_LIBRARY = "libc++";
				CLANG_ENABLE_MODULES = YES;
				CLANG_ENABLE_OBJC_ARC = YES;
				CLANG_WARN_BOOL_CONVERSION = YES;
				CLANG_WARN_CONSTANT_CONVERSION = YES;
				CLANG_WARN_DIRECT_OBJC_ISA_USAGE = YES_ERROR;
				CLANG_WARN_EMPTY_BODY = YES;
				CLANG_WARN_ENUM_CONVERSION = YES;
				CLANG_WARN_INT_CONVERSION = YES;
				CLANG_WARN_OBJC_ROOT_CLASS = YES_ERROR;
				CLANG_WARN_UNREACHABLE_CODE = YES;
				CLANG_WARN__DUPLICATE_METHOD_MATCH = YES;
				"CODE_SIGN_IDENTITY[sdk=iphoneos*]" = "iPhone Developer";
				COPY_PHASE_STRIP = YES;
				ENABLE_NS_ASSERTIONS = NO;
				ENABLE_STRICT_OBJC_MSGSEND = YES;
				GCC_C_LANGUAGE_STANDARD = gnu99;
				GCC_WARN_64_TO_32_BIT_CONVERSION = YES;
				GCC_WARN_ABOUT_RETURN_TYPE = YES_ERROR;
				GCC_WARN_UNDECLARED_SELECTOR = YES;
				GCC_WARN_UNINITIALIZED_AUTOS = YES_AGGRESSIVE;
				GCC_WARN_UNUSED_FUNCTION = YES;
				GCC_WARN_UNUSED_VARIABLE = YES;
				IPHONEOS_DEPLOYMENT_TARGET = 8.1;
				MTL_ENABLE_DEBUG_INFO = NO;
				SDKROOT = iphoneos;
				TARGETED_DEVICE_FAMILY = "1,2";
				VALIDATE_PRODUCT = YES;
			};
			name = Release;
		};
		C4649FE51A7D80AE00B63C0B /* Debug */ = {
			isa = XCBuildConfiguration;
			buildSettings = {
				ASSETCATALOG_COMPILER_APPICON_NAME = AppIcon;
				INFOPLIST_FILE = MyToDoList/Info.plist;
				LD_RUNPATH_SEARCH_PATHS = "$(inherited) @executable_path/Frameworks";
				PRODUCT_NAME = "$(TARGET_NAME)";
			};
			name = Debug;
		};
		C4649FE61A7D80AE00B63C0B /* Release */ = {
			isa = XCBuildConfiguration;
			buildSettings = {
				ASSETCATALOG_COMPILER_APPICON_NAME = AppIcon;
				INFOPLIST_FILE = MyToDoList/Info.plist;
				LD_RUNPATH_SEARCH_PATHS = "$(inherited) @executable_path/Frameworks";
				PRODUCT_NAME = "$(TARGET_NAME)";
			};
			name = Release;
		};
		C4649FE81A7D80AE00B63C0B /* Debug */ = {
			isa = XCBuildConfiguration;
			buildSettings = {
				BUNDLE_LOADER = "$(TEST_HOST)";
				FRAMEWORK_SEARCH_PATHS = (
					"$(SDKROOT)/Developer/Library/Frameworks",
					"$(inherited)",
				);
				GCC_PREPROCESSOR_DEFINITIONS = (
					"DEBUG=1",
					"$(inherited)",
				);
				INFOPLIST_FILE = MyToDoListTests/Info.plist;
				LD_RUNPATH_SEARCH_PATHS = "$(inherited) @executable_path/Frameworks @loader_path/Frameworks";
				PRODUCT_NAME = "$(TARGET_NAME)";
				TEST_HOST = "$(BUILT_PRODUCTS_DIR)/MyToDoList.app/MyToDoList";
			};
			name = Debug;
		};
		C4649FE91A7D80AE00B63C0B /* Release */ = {
			isa = XCBuildConfiguration;
			buildSettings = {
				BUNDLE_LOADER = "$(TEST_HOST)";
				FRAMEWORK_SEARCH_PATHS = (
					"$(SDKROOT)/Developer/Library/Frameworks",
					"$(inherited)",
				);
				INFOPLIST_FILE = MyToDoListTests/Info.plist;
				LD_RUNPATH_SEARCH_PATHS = "$(inherited) @executable_path/Frameworks @loader_path/Frameworks";
				PRODUCT_NAME = "$(TARGET_NAME)";
				TEST_HOST = "$(BUILT_PRODUCTS_DIR)/MyToDoList.app/MyToDoList";
			};
			name = Release;
		};
/* End XCBuildConfiguration section */

/* Begin XCConfigurationList section */
		C4649FBD1A7D80AE00B63C0B /* Build configuration list for PBXProject "MyToDoList" */ = {
			isa = XCConfigurationList;
			buildConfigurations = (
				C4649FE21A7D80AE00B63C0B /* Debug */,
				C4649FE31A7D80AE00B63C0B /* Release */,
			);
			defaultConfigurationIsVisible = 0;
			defaultConfigurationName = Release;
		};
		C4649FE41A7D80AE00B63C0B /* Build configuration list for PBXNativeTarget "MyToDoList" */ = {
			isa = XCConfigurationList;
			buildConfigurations = (
				C4649FE51A7D80AE00B63C0B /* Debug */,
				C4649FE61A7D80AE00B63C0B /* Release */,
			);
			defaultConfigurationIsVisible = 0;
		};
		C4649FE71A7D80AE00B63C0B /* Build configuration list for PBXNativeTarget "MyToDoListTests" */ = {
			isa = XCConfigurationList;
			buildConfigurations = (
				C4649FE81A7D80AE00B63C0B /* Debug */,
				C4649FE91A7D80AE00B63C0B /* Release */,
			);
			defaultConfigurationIsVisible = 0;
		};
/* End XCConfigurationList section */

/* Begin XCVersionGroup section */
		C4649FC91A7D80AE00B63C0B /* MyToDoList.xcdatamodeld */ = {
			isa = XCVersionGroup;
			children = (
				C4649FCA1A7D80AE00B63C0B /* MyToDoList.xcdatamodel */,
			);
			currentVersion = C4649FCA1A7D80AE00B63C0B /* MyToDoList.xcdatamodel */;
			path = MyToDoList.xcdatamodeld;
			sourceTree = "<group>";
			versionGroupType = wrapper.xcdatamodel;
		};
/* End XCVersionGroup section */
	};
	rootObject = C4649FBA1A7D80AE00B63C0B /* Project object */;
}
